
Microsoft Visual Studio Solution File, Format Version 12.00
# Visual Studio Version 17
VisualStudioVersion = 17.5.33627.172
MinimumVisualStudioVersion = 10.0.40219.1
Project("{FAE04EC0-301F-11D3-BF4B-00C04F79EFBC}") = "mantis_tests", "mantis_tests.csproj", "{F5C18C78-DCD6-4895-96E5-2802EC9E37FC}"
EndProject
Global
	GlobalSection(SolutionConfigurationPlatforms) = preSolution
		Debug|Any CPU = Debug|Any CPU
		Release|Any CPU = Release|Any CPU
	EndGlobalSection
	GlobalSection(ProjectConfigurationPlatforms) = postSolution
		{F5C18C78-DCD6-4895-96E5-2802EC9E37FC}.Debug|Any CPU.ActiveCfg = Debug|Any CPU
		{F5C18C78-DCD6-4895-96E5-2802EC9E37FC}.Debug|Any CPU.Build.0 = Debug|Any CPU
		{F5C18C78-DCD6-4895-96E5-2802EC9E37FC}.Release|Any CPU.ActiveCfg = Release|Any CPU
		{F5C18C78-DCD6-4895-96E5-2802EC9E37FC}.Release|Any CPU.Build.0 = Release|Any CPU
	EndGlobalSection
	GlobalSection(SolutionProperties) = preSolution
		HideSolutionNode = FALSE
	EndGlobalSection
	GlobalSection(ExtensibilityGlobals) = postSolution
		SolutionGuid = {9D1CAAC6-84EF-496E-9CB1-3D5A653B935D}
	EndGlobalSection
EndGlobal
